// !$*UTF8*$!
{
	archiveVersion = 1;
	classes = {
	};
	objectVersion = 50;
	objects = {

/* Begin PBXBuildFile section */
		B30AC0152373D8AD0067159C /* TagsCollectionViewCell.swift in Sources */ = {isa = PBXBuildFile; fileRef = B30AC0142373D8AD0067159C /* TagsCollectionViewCell.swift */; };
		B30AC01E2373E8050067159C /* TagsViewController.swift in Sources */ = {isa = PBXBuildFile; fileRef = B30AC01D2373E8050067159C /* TagsViewController.swift */; };
		B314A6D423710B11007CC5D7 /* LikeViewController.swift in Sources */ = {isa = PBXBuildFile; fileRef = B314A6D323710B11007CC5D7 /* LikeViewController.swift */; };
		B314A6D623711077007CC5D7 /* LikeTableViewCell.swift in Sources */ = {isa = PBXBuildFile; fileRef = B314A6D523711077007CC5D7 /* LikeTableViewCell.swift */; };
		B314A6D823714AC7007CC5D7 /* UIColor.swift in Sources */ = {isa = PBXBuildFile; fileRef = B314A6D723714AC7007CC5D7 /* UIColor.swift */; };
		B314A6DA2371594F007CC5D7 /* GradientView.swift in Sources */ = {isa = PBXBuildFile; fileRef = B314A6D92371594F007CC5D7 /* GradientView.swift */; };
		B31E8D53236A889A00040214 /* OTPViewController.swift in Sources */ = {isa = PBXBuildFile; fileRef = B31E8D51236A889A00040214 /* OTPViewController.swift */; };
		B339F5F12373F201009B61E9 /* Extensions.swift in Sources */ = {isa = PBXBuildFile; fileRef = B339F5F02373F201009B61E9 /* Extensions.swift */; };
		B339F5F323740D62009B61E9 /* HomeNavigationController.swift in Sources */ = {isa = PBXBuildFile; fileRef = B339F5F223740D62009B61E9 /* HomeNavigationController.swift */; };
		B34BBD6F237A8A3F00353F7A /* DummyData.swift in Sources */ = {isa = PBXBuildFile; fileRef = B34BBD6E237A8A3F00353F7A /* DummyData.swift */; };
		B358109B2372D3C600829BEC /* Qanelas-SemiBold.ttf in Resources */ = {isa = PBXBuildFile; fileRef = B35810732372D3C600829BEC /* Qanelas-SemiBold.ttf */; };
		B358109C2372D3C600829BEC /* Qanelas-ThinItalic.otf in Resources */ = {isa = PBXBuildFile; fileRef = B35810742372D3C600829BEC /* Qanelas-ThinItalic.otf */; };
		B358109D2372D3C600829BEC /* Qanelas-Bold.otf in Resources */ = {isa = PBXBuildFile; fileRef = B35810752372D3C600829BEC /* Qanelas-Bold.otf */; };
		B358109E2372D3C600829BEC /* Qanelas-BoldItalic.otf in Resources */ = {isa = PBXBuildFile; fileRef = B35810762372D3C600829BEC /* Qanelas-BoldItalic.otf */; };
		B358109F2372D3C600829BEC /* Qanelas-ExtraBold.ttf in Resources */ = {isa = PBXBuildFile; fileRef = B35810772372D3C600829BEC /* Qanelas-ExtraBold.ttf */; };
		B35810A02372D3C600829BEC /* Qanelas-Black.ttf in Resources */ = {isa = PBXBuildFile; fileRef = B35810782372D3C600829BEC /* Qanelas-Black.ttf */; };
		B35810A12372D3C600829BEC /* Qanelas-RegularItalic.ttf in Resources */ = {isa = PBXBuildFile; fileRef = B35810792372D3C600829BEC /* Qanelas-RegularItalic.ttf */; };
		B35810A22372D3C600829BEC /* Qanelas-ExtraBoldItalic.otf in Resources */ = {isa = PBXBuildFile; fileRef = B358107A2372D3C600829BEC /* Qanelas-ExtraBoldItalic.otf */; };
		B35810A32372D3C600829BEC /* Qanelas-Medium.ttf in Resources */ = {isa = PBXBuildFile; fileRef = B358107B2372D3C600829BEC /* Qanelas-Medium.ttf */; };
		B35810A42372D3C600829BEC /* Qanelas-Thin.otf in Resources */ = {isa = PBXBuildFile; fileRef = B358107C2372D3C600829BEC /* Qanelas-Thin.otf */; };
		B35810A52372D3C600829BEC /* Qanelas-UltraLight.ttf in Resources */ = {isa = PBXBuildFile; fileRef = B358107D2372D3C600829BEC /* Qanelas-UltraLight.ttf */; };
		B35810A62372D3C600829BEC /* Qanelas-SemiBoldItalic.ttf in Resources */ = {isa = PBXBuildFile; fileRef = B358107E2372D3C600829BEC /* Qanelas-SemiBoldItalic.ttf */; };
		B35810A72372D3C600829BEC /* Qanelas-MediumItalic.ttf in Resources */ = {isa = PBXBuildFile; fileRef = B358107F2372D3C600829BEC /* Qanelas-MediumItalic.ttf */; };
		B35810A82372D3C600829BEC /* Qanelas-Medium.otf in Resources */ = {isa = PBXBuildFile; fileRef = B35810802372D3C600829BEC /* Qanelas-Medium.otf */; };
		B35810A92372D3C600829BEC /* Qanelas-RegularItalic.otf in Resources */ = {isa = PBXBuildFile; fileRef = B35810812372D3C600829BEC /* Qanelas-RegularItalic.otf */; };
		B35810AA2372D3C600829BEC /* Qanelas-ExtraBoldItalic.ttf in Resources */ = {isa = PBXBuildFile; fileRef = B35810822372D3C600829BEC /* Qanelas-ExtraBoldItalic.ttf */; };
		B35810AB2372D3C600829BEC /* Qanelas-UltraLight.otf in Resources */ = {isa = PBXBuildFile; fileRef = B35810832372D3C600829BEC /* Qanelas-UltraLight.otf */; };
		B35810AC2372D3C600829BEC /* Qanelas-Thin.ttf in Resources */ = {isa = PBXBuildFile; fileRef = B35810842372D3C600829BEC /* Qanelas-Thin.ttf */; };
		B35810AD2372D3C600829BEC /* Qanelas-MediumItalic.otf in Resources */ = {isa = PBXBuildFile; fileRef = B35810852372D3C600829BEC /* Qanelas-MediumItalic.otf */; };
		B35810AE2372D3C600829BEC /* Qanelas-SemiBoldItalic.otf in Resources */ = {isa = PBXBuildFile; fileRef = B35810862372D3C600829BEC /* Qanelas-SemiBoldItalic.otf */; };
		B35810AF2372D3C600829BEC /* Qanelas-Bold.ttf in Resources */ = {isa = PBXBuildFile; fileRef = B35810872372D3C600829BEC /* Qanelas-Bold.ttf */; };
		B35810B02372D3C600829BEC /* Qanelas-SemiBold.otf in Resources */ = {isa = PBXBuildFile; fileRef = B35810882372D3C600829BEC /* Qanelas-SemiBold.otf */; };
		B35810B12372D3C600829BEC /* Qanelas-ThinItalic.ttf in Resources */ = {isa = PBXBuildFile; fileRef = B35810892372D3C600829BEC /* Qanelas-ThinItalic.ttf */; };
		B35810B22372D3C600829BEC /* Qanelas-Black.otf in Resources */ = {isa = PBXBuildFile; fileRef = B358108A2372D3C600829BEC /* Qanelas-Black.otf */; };
		B35810B32372D3C600829BEC /* Qanelas-ExtraBold.otf in Resources */ = {isa = PBXBuildFile; fileRef = B358108B2372D3C600829BEC /* Qanelas-ExtraBold.otf */; };
		B35810B42372D3C600829BEC /* Qanelas-BoldItalic.ttf in Resources */ = {isa = PBXBuildFile; fileRef = B358108C2372D3C600829BEC /* Qanelas-BoldItalic.ttf */; };
		B35810B52372D3C600829BEC /* Qanelas-UltraLightItalic.otf in Resources */ = {isa = PBXBuildFile; fileRef = B358108D2372D3C600829BEC /* Qanelas-UltraLightItalic.otf */; };
		B35810B62372D3C600829BEC /* Qanelas-BlackItalic.otf in Resources */ = {isa = PBXBuildFile; fileRef = B358108E2372D3C600829BEC /* Qanelas-BlackItalic.otf */; };
		B35810B72372D3C600829BEC /* Qanelas-LightItalic.ttf in Resources */ = {isa = PBXBuildFile; fileRef = B358108F2372D3C600829BEC /* Qanelas-LightItalic.ttf */; };
		B35810B82372D3C600829BEC /* Qanelas-HeavyItalic.ttf in Resources */ = {isa = PBXBuildFile; fileRef = B35810902372D3C600829BEC /* Qanelas-HeavyItalic.ttf */; };
		B35810B92372D3C600829BEC /* Qanelas-Light.otf in Resources */ = {isa = PBXBuildFile; fileRef = B35810912372D3C600829BEC /* Qanelas-Light.otf */; };
		B35810BA2372D3C600829BEC /* Qanelas-Heavy.ttf in Resources */ = {isa = PBXBuildFile; fileRef = B35810922372D3C600829BEC /* Qanelas-Heavy.ttf */; };
		B35810BB2372D3C600829BEC /* Qanelas-Regular.otf in Resources */ = {isa = PBXBuildFile; fileRef = B35810932372D3C600829BEC /* Qanelas-Regular.otf */; };
		B35810BC2372D3C600829BEC /* Qanelas-Regular.ttf in Resources */ = {isa = PBXBuildFile; fileRef = B35810942372D3C600829BEC /* Qanelas-Regular.ttf */; };
		B35810BD2372D3C600829BEC /* Qanelas-UltraLightItalic.ttf in Resources */ = {isa = PBXBuildFile; fileRef = B35810952372D3C600829BEC /* Qanelas-UltraLightItalic.ttf */; };
		B35810BE2372D3C600829BEC /* Qanelas-BlackItalic.ttf in Resources */ = {isa = PBXBuildFile; fileRef = B35810962372D3C600829BEC /* Qanelas-BlackItalic.ttf */; };
		B35810BF2372D3C600829BEC /* Qanelas-LightItalic.otf in Resources */ = {isa = PBXBuildFile; fileRef = B35810972372D3C600829BEC /* Qanelas-LightItalic.otf */; };
		B35810C02372D3C600829BEC /* Qanelas-Light.ttf in Resources */ = {isa = PBXBuildFile; fileRef = B35810982372D3C600829BEC /* Qanelas-Light.ttf */; };
		B35810C12372D3C600829BEC /* Qanelas-HeavyItalic.otf in Resources */ = {isa = PBXBuildFile; fileRef = B35810992372D3C600829BEC /* Qanelas-HeavyItalic.otf */; };
		B35810C22372D3C600829BEC /* Qanelas-Heavy.otf in Resources */ = {isa = PBXBuildFile; fileRef = B358109A2372D3C600829BEC /* Qanelas-Heavy.otf */; };
		B3856801236FFBAD008BED2F /* fullDetailsOfNewsViewController.swift in Sources */ = {isa = PBXBuildFile; fileRef = B3856800236FFBAD008BED2F /* fullDetailsOfNewsViewController.swift */; };
		B3A49F192372693000D73011 /* MyTextField.swift in Sources */ = {isa = PBXBuildFile; fileRef = B3A49F182372693000D73011 /* MyTextField.swift */; };
		B3A49F1B2372AE4A00D73011 /* SettingsViewController.swift in Sources */ = {isa = PBXBuildFile; fileRef = B3A49F1A2372AE4A00D73011 /* SettingsViewController.swift */; };
		B3A49F1D2372AE6C00D73011 /* SettingsTableViewCell.swift in Sources */ = {isa = PBXBuildFile; fileRef = B3A49F1C2372AE6C00D73011 /* SettingsTableViewCell.swift */; };
		B3D4E22B2362BA34007FF11E /* AppDelegate.swift in Sources */ = {isa = PBXBuildFile; fileRef = B3D4E22A2362BA34007FF11E /* AppDelegate.swift */; };
		B3D4E22D2362BA34007FF11E /* ViewController.swift in Sources */ = {isa = PBXBuildFile; fileRef = B3D4E22C2362BA34007FF11E /* ViewController.swift */; };
		B3D4E2302362BA34007FF11E /* Main.storyboard in Resources */ = {isa = PBXBuildFile; fileRef = B3D4E22E2362BA34007FF11E /* Main.storyboard */; };
		B3D4E2322362BA3B007FF11E /* Assets.xcassets in Resources */ = {isa = PBXBuildFile; fileRef = B3D4E2312362BA3B007FF11E /* Assets.xcassets */; };
		B3D4E2352362BA3B007FF11E /* LaunchScreen.storyboard in Resources */ = {isa = PBXBuildFile; fileRef = B3D4E2332362BA3B007FF11E /* LaunchScreen.storyboard */; };
		B3D4E2402362BA3C007FF11E /* NewsFront3Tests.swift in Sources */ = {isa = PBXBuildFile; fileRef = B3D4E23F2362BA3C007FF11E /* NewsFront3Tests.swift */; };
		B3D4E24B2362BA3C007FF11E /* NewsFront3UITests.swift in Sources */ = {isa = PBXBuildFile; fileRef = B3D4E24A2362BA3C007FF11E /* NewsFront3UITests.swift */; };
		B3E33857236FAF4C005DD61A /* HomeTableViewCell.swift in Sources */ = {isa = PBXBuildFile; fileRef = B3E33856236FAF4C005DD61A /* HomeTableViewCell.swift */; };
		B3E33859236FC010005DD61A /* HomeViewController.swift in Sources */ = {isa = PBXBuildFile; fileRef = B3E33858236FC010005DD61A /* HomeViewController.swift */; };
/* End PBXBuildFile section */

/* Begin PBXContainerItemProxy section */
		B3D4E23C2362BA3C007FF11E /* PBXContainerItemProxy */ = {
			isa = PBXContainerItemProxy;
			containerPortal = B3D4E21F2362BA34007FF11E /* Project object */;
			proxyType = 1;
			remoteGlobalIDString = B3D4E2262362BA34007FF11E;
			remoteInfo = NewsFront3;
		};
		B3D4E2472362BA3C007FF11E /* PBXContainerItemProxy */ = {
			isa = PBXContainerItemProxy;
			containerPortal = B3D4E21F2362BA34007FF11E /* Project object */;
			proxyType = 1;
			remoteGlobalIDString = B3D4E2262362BA34007FF11E;
			remoteInfo = NewsFront3;
		};
/* End PBXContainerItemProxy section */

/* Begin PBXFileReference section */
		B30AC0142373D8AD0067159C /* TagsCollectionViewCell.swift */ = {isa = PBXFileReference; lastKnownFileType = sourcecode.swift; path = TagsCollectionViewCell.swift; sourceTree = "<group>"; };
		B30AC01D2373E8050067159C /* TagsViewController.swift */ = {isa = PBXFileReference; lastKnownFileType = sourcecode.swift; path = TagsViewController.swift; sourceTree = "<group>"; };
		B314A6D323710B11007CC5D7 /* LikeViewController.swift */ = {isa = PBXFileReference; lastKnownFileType = sourcecode.swift; path = LikeViewController.swift; sourceTree = "<group>"; };
		B314A6D523711077007CC5D7 /* LikeTableViewCell.swift */ = {isa = PBXFileReference; lastKnownFileType = sourcecode.swift; path = LikeTableViewCell.swift; sourceTree = "<group>"; };
		B314A6D723714AC7007CC5D7 /* UIColor.swift */ = {isa = PBXFileReference; lastKnownFileType = sourcecode.swift; path = UIColor.swift; sourceTree = "<group>"; };
		B314A6D92371594F007CC5D7 /* GradientView.swift */ = {isa = PBXFileReference; lastKnownFileType = sourcecode.swift; path = GradientView.swift; sourceTree = "<group>"; };
		B31E8D51236A889A00040214 /* OTPViewController.swift */ = {isa = PBXFileReference; lastKnownFileType = sourcecode.swift; path = OTPViewController.swift; sourceTree = "<group>"; };
		B339F5F02373F201009B61E9 /* Extensions.swift */ = {isa = PBXFileReference; lastKnownFileType = sourcecode.swift; path = Extensions.swift; sourceTree = "<group>"; };
		B339F5F223740D62009B61E9 /* HomeNavigationController.swift */ = {isa = PBXFileReference; lastKnownFileType = sourcecode.swift; path = HomeNavigationController.swift; sourceTree = "<group>"; };
		B34BBD6E237A8A3F00353F7A /* DummyData.swift */ = {isa = PBXFileReference; lastKnownFileType = sourcecode.swift; path = DummyData.swift; sourceTree = "<group>"; };
		B35810732372D3C600829BEC /* Qanelas-SemiBold.ttf */ = {isa = PBXFileReference; lastKnownFileType = file; path = "Qanelas-SemiBold.ttf"; sourceTree = "<group>"; };
		B35810742372D3C600829BEC /* Qanelas-ThinItalic.otf */ = {isa = PBXFileReference; lastKnownFileType = file; path = "Qanelas-ThinItalic.otf"; sourceTree = "<group>"; };
		B35810752372D3C600829BEC /* Qanelas-Bold.otf */ = {isa = PBXFileReference; lastKnownFileType = file; path = "Qanelas-Bold.otf"; sourceTree = "<group>"; };
		B35810762372D3C600829BEC /* Qanelas-BoldItalic.otf */ = {isa = PBXFileReference; lastKnownFileType = file; path = "Qanelas-BoldItalic.otf"; sourceTree = "<group>"; };
		B35810772372D3C600829BEC /* Qanelas-ExtraBold.ttf */ = {isa = PBXFileReference; lastKnownFileType = file; path = "Qanelas-ExtraBold.ttf"; sourceTree = "<group>"; };
		B35810782372D3C600829BEC /* Qanelas-Black.ttf */ = {isa = PBXFileReference; lastKnownFileType = file; path = "Qanelas-Black.ttf"; sourceTree = "<group>"; };
		B35810792372D3C600829BEC /* Qanelas-RegularItalic.ttf */ = {isa = PBXFileReference; lastKnownFileType = file; path = "Qanelas-RegularItalic.ttf"; sourceTree = "<group>"; };
		B358107A2372D3C600829BEC /* Qanelas-ExtraBoldItalic.otf */ = {isa = PBXFileReference; lastKnownFileType = file; path = "Qanelas-ExtraBoldItalic.otf"; sourceTree = "<group>"; };
		B358107B2372D3C600829BEC /* Qanelas-Medium.ttf */ = {isa = PBXFileReference; lastKnownFileType = file; path = "Qanelas-Medium.ttf"; sourceTree = "<group>"; };
		B358107C2372D3C600829BEC /* Qanelas-Thin.otf */ = {isa = PBXFileReference; lastKnownFileType = file; path = "Qanelas-Thin.otf"; sourceTree = "<group>"; };
		B358107D2372D3C600829BEC /* Qanelas-UltraLight.ttf */ = {isa = PBXFileReference; lastKnownFileType = file; path = "Qanelas-UltraLight.ttf"; sourceTree = "<group>"; };
		B358107E2372D3C600829BEC /* Qanelas-SemiBoldItalic.ttf */ = {isa = PBXFileReference; lastKnownFileType = file; path = "Qanelas-SemiBoldItalic.ttf"; sourceTree = "<group>"; };
		B358107F2372D3C600829BEC /* Qanelas-MediumItalic.ttf */ = {isa = PBXFileReference; lastKnownFileType = file; path = "Qanelas-MediumItalic.ttf"; sourceTree = "<group>"; };
		B35810802372D3C600829BEC /* Qanelas-Medium.otf */ = {isa = PBXFileReference; lastKnownFileType = file; path = "Qanelas-Medium.otf"; sourceTree = "<group>"; };
		B35810812372D3C600829BEC /* Qanelas-RegularItalic.otf */ = {isa = PBXFileReference; lastKnownFileType = file; path = "Qanelas-RegularItalic.otf"; sourceTree = "<group>"; };
		B35810822372D3C600829BEC /* Qanelas-ExtraBoldItalic.ttf */ = {isa = PBXFileReference; lastKnownFileType = file; path = "Qanelas-ExtraBoldItalic.ttf"; sourceTree = "<group>"; };
		B35810832372D3C600829BEC /* Qanelas-UltraLight.otf */ = {isa = PBXFileReference; lastKnownFileType = file; path = "Qanelas-UltraLight.otf"; sourceTree = "<group>"; };
		B35810842372D3C600829BEC /* Qanelas-Thin.ttf */ = {isa = PBXFileReference; lastKnownFileType = file; path = "Qanelas-Thin.ttf"; sourceTree = "<group>"; };
		B35810852372D3C600829BEC /* Qanelas-MediumItalic.otf */ = {isa = PBXFileReference; lastKnownFileType = file; path = "Qanelas-MediumItalic.otf"; sourceTree = "<group>"; };
		B35810862372D3C600829BEC /* Qanelas-SemiBoldItalic.otf */ = {isa = PBXFileReference; lastKnownFileType = file; path = "Qanelas-SemiBoldItalic.otf"; sourceTree = "<group>"; };
		B35810872372D3C600829BEC /* Qanelas-Bold.ttf */ = {isa = PBXFileReference; lastKnownFileType = file; path = "Qanelas-Bold.ttf"; sourceTree = "<group>"; };
		B35810882372D3C600829BEC /* Qanelas-SemiBold.otf */ = {isa = PBXFileReference; lastKnownFileType = file; path = "Qanelas-SemiBold.otf"; sourceTree = "<group>"; };
		B35810892372D3C600829BEC /* Qanelas-ThinItalic.ttf */ = {isa = PBXFileReference; lastKnownFileType = file; path = "Qanelas-ThinItalic.ttf"; sourceTree = "<group>"; };
		B358108A2372D3C600829BEC /* Qanelas-Black.otf */ = {isa = PBXFileReference; lastKnownFileType = file; path = "Qanelas-Black.otf"; sourceTree = "<group>"; };
		B358108B2372D3C600829BEC /* Qanelas-ExtraBold.otf */ = {isa = PBXFileReference; lastKnownFileType = file; path = "Qanelas-ExtraBold.otf"; sourceTree = "<group>"; };
		B358108C2372D3C600829BEC /* Qanelas-BoldItalic.ttf */ = {isa = PBXFileReference; lastKnownFileType = file; path = "Qanelas-BoldItalic.ttf"; sourceTree = "<group>"; };
		B358108D2372D3C600829BEC /* Qanelas-UltraLightItalic.otf */ = {isa = PBXFileReference; lastKnownFileType = file; path = "Qanelas-UltraLightItalic.otf"; sourceTree = "<group>"; };
		B358108E2372D3C600829BEC /* Qanelas-BlackItalic.otf */ = {isa = PBXFileReference; lastKnownFileType = file; path = "Qanelas-BlackItalic.otf"; sourceTree = "<group>"; };
		B358108F2372D3C600829BEC /* Qanelas-LightItalic.ttf */ = {isa = PBXFileReference; lastKnownFileType = file; path = "Qanelas-LightItalic.ttf"; sourceTree = "<group>"; };
		B35810902372D3C600829BEC /* Qanelas-HeavyItalic.ttf */ = {isa = PBXFileReference; lastKnownFileType = file; path = "Qanelas-HeavyItalic.ttf"; sourceTree = "<group>"; };
		B35810912372D3C600829BEC /* Qanelas-Light.otf */ = {isa = PBXFileReference; lastKnownFileType = file; path = "Qanelas-Light.otf"; sourceTree = "<group>"; };
		B35810922372D3C600829BEC /* Qanelas-Heavy.ttf */ = {isa = PBXFileReference; lastKnownFileType = file; path = "Qanelas-Heavy.ttf"; sourceTree = "<group>"; };
		B35810932372D3C600829BEC /* Qanelas-Regular.otf */ = {isa = PBXFileReference; lastKnownFileType = file; path = "Qanelas-Regular.otf"; sourceTree = "<group>"; };
		B35810942372D3C600829BEC /* Qanelas-Regular.ttf */ = {isa = PBXFileReference; lastKnownFileType = file; path = "Qanelas-Regular.ttf"; sourceTree = "<group>"; };
		B35810952372D3C600829BEC /* Qanelas-UltraLightItalic.ttf */ = {isa = PBXFileReference; lastKnownFileType = file; path = "Qanelas-UltraLightItalic.ttf"; sourceTree = "<group>"; };
		B35810962372D3C600829BEC /* Qanelas-BlackItalic.ttf */ = {isa = PBXFileReference; lastKnownFileType = file; path = "Qanelas-BlackItalic.ttf"; sourceTree = "<group>"; };
		B35810972372D3C600829BEC /* Qanelas-LightItalic.otf */ = {isa = PBXFileReference; lastKnownFileType = file; path = "Qanelas-LightItalic.otf"; sourceTree = "<group>"; };
		B35810982372D3C600829BEC /* Qanelas-Light.ttf */ = {isa = PBXFileReference; lastKnownFileType = file; path = "Qanelas-Light.ttf"; sourceTree = "<group>"; };
		B35810992372D3C600829BEC /* Qanelas-HeavyItalic.otf */ = {isa = PBXFileReference; lastKnownFileType = file; path = "Qanelas-HeavyItalic.otf"; sourceTree = "<group>"; };
		B358109A2372D3C600829BEC /* Qanelas-Heavy.otf */ = {isa = PBXFileReference; lastKnownFileType = file; path = "Qanelas-Heavy.otf"; sourceTree = "<group>"; };
		B3856800236FFBAD008BED2F /* fullDetailsOfNewsViewController.swift */ = {isa = PBXFileReference; lastKnownFileType = sourcecode.swift; path = fullDetailsOfNewsViewController.swift; sourceTree = "<group>"; };
		B3A49F182372693000D73011 /* MyTextField.swift */ = {isa = PBXFileReference; lastKnownFileType = sourcecode.swift; path = MyTextField.swift; sourceTree = "<group>"; };
		B3A49F1A2372AE4A00D73011 /* SettingsViewController.swift */ = {isa = PBXFileReference; lastKnownFileType = sourcecode.swift; path = SettingsViewController.swift; sourceTree = "<group>"; };
		B3A49F1C2372AE6C00D73011 /* SettingsTableViewCell.swift */ = {isa = PBXFileReference; lastKnownFileType = sourcecode.swift; path = SettingsTableViewCell.swift; sourceTree = "<group>"; };
		B3D4E2272362BA34007FF11E /* NewsFront3.app */ = {isa = PBXFileReference; explicitFileType = wrapper.application; includeInIndex = 0; path = NewsFront3.app; sourceTree = BUILT_PRODUCTS_DIR; };
		B3D4E22A2362BA34007FF11E /* AppDelegate.swift */ = {isa = PBXFileReference; lastKnownFileType = sourcecode.swift; path = AppDelegate.swift; sourceTree = "<group>"; };
		B3D4E22C2362BA34007FF11E /* ViewController.swift */ = {isa = PBXFileReference; lastKnownFileType = sourcecode.swift; path = ViewController.swift; sourceTree = "<group>"; };
		B3D4E22F2362BA34007FF11E /* Base */ = {isa = PBXFileReference; lastKnownFileType = file.storyboard; name = Base; path = Base.lproj/Main.storyboard; sourceTree = "<group>"; };
		B3D4E2312362BA3B007FF11E /* Assets.xcassets */ = {isa = PBXFileReference; lastKnownFileType = folder.assetcatalog; path = Assets.xcassets; sourceTree = "<group>"; };
		B3D4E2342362BA3B007FF11E /* Base */ = {isa = PBXFileReference; lastKnownFileType = file.storyboard; name = Base; path = Base.lproj/LaunchScreen.storyboard; sourceTree = "<group>"; };
		B3D4E2362362BA3B007FF11E /* Info.plist */ = {isa = PBXFileReference; lastKnownFileType = text.plist.xml; path = Info.plist; sourceTree = "<group>"; };
		B3D4E23B2362BA3C007FF11E /* NewsFront3Tests.xctest */ = {isa = PBXFileReference; explicitFileType = wrapper.cfbundle; includeInIndex = 0; path = NewsFront3Tests.xctest; sourceTree = BUILT_PRODUCTS_DIR; };
		B3D4E23F2362BA3C007FF11E /* NewsFront3Tests.swift */ = {isa = PBXFileReference; lastKnownFileType = sourcecode.swift; path = NewsFront3Tests.swift; sourceTree = "<group>"; };
		B3D4E2412362BA3C007FF11E /* Info.plist */ = {isa = PBXFileReference; lastKnownFileType = text.plist.xml; path = Info.plist; sourceTree = "<group>"; };
		B3D4E2462362BA3C007FF11E /* NewsFront3UITests.xctest */ = {isa = PBXFileReference; explicitFileType = wrapper.cfbundle; includeInIndex = 0; path = NewsFront3UITests.xctest; sourceTree = BUILT_PRODUCTS_DIR; };
		B3D4E24A2362BA3C007FF11E /* NewsFront3UITests.swift */ = {isa = PBXFileReference; lastKnownFileType = sourcecode.swift; path = NewsFront3UITests.swift; sourceTree = "<group>"; };
		B3D4E24C2362BA3C007FF11E /* Info.plist */ = {isa = PBXFileReference; lastKnownFileType = text.plist.xml; path = Info.plist; sourceTree = "<group>"; };
		B3E33856236FAF4C005DD61A /* HomeTableViewCell.swift */ = {isa = PBXFileReference; lastKnownFileType = sourcecode.swift; path = HomeTableViewCell.swift; sourceTree = "<group>"; };
		B3E33858236FC010005DD61A /* HomeViewController.swift */ = {isa = PBXFileReference; lastKnownFileType = sourcecode.swift; path = HomeViewController.swift; sourceTree = "<group>"; };
/* End PBXFileReference section */

/* Begin PBXFrameworksBuildPhase section */
		B3D4E2242362BA34007FF11E /* Frameworks */ = {
			isa = PBXFrameworksBuildPhase;
			buildActionMask = 2147483647;
			files = (
			);
			runOnlyForDeploymentPostprocessing = 0;
		};
		B3D4E2382362BA3C007FF11E /* Frameworks */ = {
			isa = PBXFrameworksBuildPhase;
			buildActionMask = 2147483647;
			files = (
			);
			runOnlyForDeploymentPostprocessing = 0;
		};
		B3D4E2432362BA3C007FF11E /* Frameworks */ = {
			isa = PBXFrameworksBuildPhase;
			buildActionMask = 2147483647;
			files = (
			);
			runOnlyForDeploymentPostprocessing = 0;
		};
/* End PBXFrameworksBuildPhase section */

/* Begin PBXGroup section */
		B30AC0172373D8E00067159C /* NavigationController */ = {
			isa = PBXGroup;
			children = (
				B339F5F223740D62009B61E9 /* HomeNavigationController.swift */,
			);
			path = NavigationController;
			sourceTree = "<group>";
		};
		B30AC0182373E0EF0067159C /* TableViewCells */ = {
			isa = PBXGroup;
			children = (
				B3E33856236FAF4C005DD61A /* HomeTableViewCell.swift */,
				B314A6D523711077007CC5D7 /* LikeTableViewCell.swift */,
				B3A49F1C2372AE6C00D73011 /* SettingsTableViewCell.swift */,
			);
			path = TableViewCells;
			sourceTree = "<group>";
		};
		B30AC0192373E1290067159C /* ViewControllers */ = {
			isa = PBXGroup;
			children = (
				B31E8D51236A889A00040214 /* OTPViewController.swift */,
				B3D4E22C2362BA34007FF11E /* ViewController.swift */,
				B314A6D323710B11007CC5D7 /* LikeViewController.swift */,
				B30AC01D2373E8050067159C /* TagsViewController.swift */,
				B3E33858236FC010005DD61A /* HomeViewController.swift */,
				B3A49F1A2372AE4A00D73011 /* SettingsViewController.swift */,
				B3856800236FFBAD008BED2F /* fullDetailsOfNewsViewController.swift */,
			);
			path = ViewControllers;
			sourceTree = "<group>";
		};
		B30AC01A2373E1500067159C /* CollectionViewCell */ = {
			isa = PBXGroup;
			children = (
				B30AC0142373D8AD0067159C /* TagsCollectionViewCell.swift */,
			);
			path = CollectionViewCell;
			sourceTree = "<group>";
		};
		B30AC01B2373E16A0067159C /* Extensions */ = {
			isa = PBXGroup;
			children = (
				B3A49F182372693000D73011 /* MyTextField.swift */,
				B314A6D723714AC7007CC5D7 /* UIColor.swift */,
				B339F5F02373F201009B61E9 /* Extensions.swift */,
			);
			path = Extensions;
			sourceTree = "<group>";
		};
		B30AC01C2373E2350067159C /* DesignableView */ = {
			isa = PBXGroup;
			children = (
				B314A6D92371594F007CC5D7 /* GradientView.swift */,
			);
			path = DesignableView;
			sourceTree = "<group>";
		};
		B35810722372D3C600829BEC /* Fonts */ = {
			isa = PBXGroup;
			children = (
				B35810732372D3C600829BEC /* Qanelas-SemiBold.ttf */,
				B35810742372D3C600829BEC /* Qanelas-ThinItalic.otf */,
				B35810752372D3C600829BEC /* Qanelas-Bold.otf */,
				B35810762372D3C600829BEC /* Qanelas-BoldItalic.otf */,
				B35810772372D3C600829BEC /* Qanelas-ExtraBold.ttf */,
				B35810782372D3C600829BEC /* Qanelas-Black.ttf */,
				B35810792372D3C600829BEC /* Qanelas-RegularItalic.ttf */,
				B358107A2372D3C600829BEC /* Qanelas-ExtraBoldItalic.otf */,
				B358107B2372D3C600829BEC /* Qanelas-Medium.ttf */,
				B358107C2372D3C600829BEC /* Qanelas-Thin.otf */,
				B358107D2372D3C600829BEC /* Qanelas-UltraLight.ttf */,
				B358107E2372D3C600829BEC /* Qanelas-SemiBoldItalic.ttf */,
				B358107F2372D3C600829BEC /* Qanelas-MediumItalic.ttf */,
				B35810802372D3C600829BEC /* Qanelas-Medium.otf */,
				B35810812372D3C600829BEC /* Qanelas-RegularItalic.otf */,
				B35810822372D3C600829BEC /* Qanelas-ExtraBoldItalic.ttf */,
				B35810832372D3C600829BEC /* Qanelas-UltraLight.otf */,
				B35810842372D3C600829BEC /* Qanelas-Thin.ttf */,
				B35810852372D3C600829BEC /* Qanelas-MediumItalic.otf */,
				B35810862372D3C600829BEC /* Qanelas-SemiBoldItalic.otf */,
				B35810872372D3C600829BEC /* Qanelas-Bold.ttf */,
				B35810882372D3C600829BEC /* Qanelas-SemiBold.otf */,
				B35810892372D3C600829BEC /* Qanelas-ThinItalic.ttf */,
				B358108A2372D3C600829BEC /* Qanelas-Black.otf */,
				B358108B2372D3C600829BEC /* Qanelas-ExtraBold.otf */,
				B358108C2372D3C600829BEC /* Qanelas-BoldItalic.ttf */,
				B358108D2372D3C600829BEC /* Qanelas-UltraLightItalic.otf */,
				B358108E2372D3C600829BEC /* Qanelas-BlackItalic.otf */,
				B358108F2372D3C600829BEC /* Qanelas-LightItalic.ttf */,
				B35810902372D3C600829BEC /* Qanelas-HeavyItalic.ttf */,
				B35810912372D3C600829BEC /* Qanelas-Light.otf */,
				B35810922372D3C600829BEC /* Qanelas-Heavy.ttf */,
				B35810932372D3C600829BEC /* Qanelas-Regular.otf */,
				B35810942372D3C600829BEC /* Qanelas-Regular.ttf */,
				B35810952372D3C600829BEC /* Qanelas-UltraLightItalic.ttf */,
				B35810962372D3C600829BEC /* Qanelas-BlackItalic.ttf */,
				B35810972372D3C600829BEC /* Qanelas-LightItalic.otf */,
				B35810982372D3C600829BEC /* Qanelas-Light.ttf */,
				B35810992372D3C600829BEC /* Qanelas-HeavyItalic.otf */,
				B358109A2372D3C600829BEC /* Qanelas-Heavy.otf */,
			);
			path = Fonts;
			sourceTree = "<group>";
		};
		B3D4E21E2362BA34007FF11E = {
			isa = PBXGroup;
			children = (
				B3D4E2292362BA34007FF11E /* NewsFront3 */,
				B3D4E23E2362BA3C007FF11E /* NewsFront3Tests */,
				B3D4E2492362BA3C007FF11E /* NewsFront3UITests */,
				B3D4E2282362BA34007FF11E /* Products */,
			);
			sourceTree = "<group>";
		};
		B3D4E2282362BA34007FF11E /* Products */ = {
			isa = PBXGroup;
			children = (
				B3D4E2272362BA34007FF11E /* NewsFront3.app */,
				B3D4E23B2362BA3C007FF11E /* NewsFront3Tests.xctest */,
				B3D4E2462362BA3C007FF11E /* NewsFront3UITests.xctest */,
			);
			name = Products;
			sourceTree = "<group>";
		};
		B3D4E2292362BA34007FF11E /* NewsFront3 */ = {
			isa = PBXGroup;
			children = (
				B3D4E22A2362BA34007FF11E /* AppDelegate.swift */,
				B30AC01C2373E2350067159C /* DesignableView */,
				B30AC0192373E1290067159C /* ViewControllers */,
				B30AC01A2373E1500067159C /* CollectionViewCell */,
				B30AC0182373E0EF0067159C /* TableViewCells */,
				B30AC0172373D8E00067159C /* NavigationController */,
				B3D4E22E2362BA34007FF11E /* Main.storyboard */,
				B34BBD6E237A8A3F00353F7A /* DummyData.swift */,
				B3D4E2312362BA3B007FF11E /* Assets.xcassets */,
				B3D4E2332362BA3B007FF11E /* LaunchScreen.storyboard */,
				B3D4E2362362BA3B007FF11E /* Info.plist */,
				B30AC01B2373E16A0067159C /* Extensions */,
				B35810722372D3C600829BEC /* Fonts */,
			);
			path = NewsFront3;
			sourceTree = "<group>";
		};
		B3D4E23E2362BA3C007FF11E /* NewsFront3Tests */ = {
			isa = PBXGroup;
			children = (
				B3D4E23F2362BA3C007FF11E /* NewsFront3Tests.swift */,
				B3D4E2412362BA3C007FF11E /* Info.plist */,
			);
			path = NewsFront3Tests;
			sourceTree = "<group>";
		};
		B3D4E2492362BA3C007FF11E /* NewsFront3UITests */ = {
			isa = PBXGroup;
			children = (
				B3D4E24A2362BA3C007FF11E /* NewsFront3UITests.swift */,
				B3D4E24C2362BA3C007FF11E /* Info.plist */,
			);
			path = NewsFront3UITests;
			sourceTree = "<group>";
		};
/* End PBXGroup section */

/* Begin PBXNativeTarget section */
		B3D4E2262362BA34007FF11E /* NewsFront3 */ = {
			isa = PBXNativeTarget;
			buildConfigurationList = B3D4E24F2362BA3C007FF11E /* Build configuration list for PBXNativeTarget "NewsFront3" */;
			buildPhases = (
				B3D4E2232362BA34007FF11E /* Sources */,
				B3D4E2242362BA34007FF11E /* Frameworks */,
				B3D4E2252362BA34007FF11E /* Resources */,
			);
			buildRules = (
			);
			dependencies = (
			);
			name = NewsFront3;
			productName = NewsFront3;
			productReference = B3D4E2272362BA34007FF11E /* NewsFront3.app */;
			productType = "com.apple.product-type.application";
		};
		B3D4E23A2362BA3C007FF11E /* NewsFront3Tests */ = {
			isa = PBXNativeTarget;
			buildConfigurationList = B3D4E2522362BA3C007FF11E /* Build configuration list for PBXNativeTarget "NewsFront3Tests" */;
			buildPhases = (
				B3D4E2372362BA3C007FF11E /* Sources */,
				B3D4E2382362BA3C007FF11E /* Frameworks */,
				B3D4E2392362BA3C007FF11E /* Resources */,
			);
			buildRules = (
			);
			dependencies = (
				B3D4E23D2362BA3C007FF11E /* PBXTargetDependency */,
			);
			name = NewsFront3Tests;
			productName = NewsFront3Tests;
			productReference = B3D4E23B2362BA3C007FF11E /* NewsFront3Tests.xctest */;
			productType = "com.apple.product-type.bundle.unit-test";
		};
		B3D4E2452362BA3C007FF11E /* NewsFront3UITests */ = {
			isa = PBXNativeTarget;
			buildConfigurationList = B3D4E2552362BA3C007FF11E /* Build configuration list for PBXNativeTarget "NewsFront3UITests" */;
			buildPhases = (
				B3D4E2422362BA3C007FF11E /* Sources */,
				B3D4E2432362BA3C007FF11E /* Frameworks */,
				B3D4E2442362BA3C007FF11E /* Resources */,
			);
			buildRules = (
			);
			dependencies = (
				B3D4E2482362BA3C007FF11E /* PBXTargetDependency */,
			);
			name = NewsFront3UITests;
			productName = NewsFront3UITests;
			productReference = B3D4E2462362BA3C007FF11E /* NewsFront3UITests.xctest */;
			productType = "com.apple.product-type.bundle.ui-testing";
		};
/* End PBXNativeTarget section */

/* Begin PBXProject section */
		B3D4E21F2362BA34007FF11E /* Project object */ = {
			isa = PBXProject;
			attributes = {
				LastSwiftUpdateCheck = 1010;
				LastUpgradeCheck = 1010;
				ORGANIZATIONNAME = ReyvieB;
				TargetAttributes = {
					B3D4E2262362BA34007FF11E = {
						CreatedOnToolsVersion = 10.1;
						LastSwiftMigration = 1110;
					};
					B3D4E23A2362BA3C007FF11E = {
						CreatedOnToolsVersion = 10.1;
						LastSwiftMigration = 1110;
						TestTargetID = B3D4E2262362BA34007FF11E;
					};
					B3D4E2452362BA3C007FF11E = {
						CreatedOnToolsVersion = 10.1;
						LastSwiftMigration = 1110;
						TestTargetID = B3D4E2262362BA34007FF11E;
					};
				};
			};
			buildConfigurationList = B3D4E2222362BA34007FF11E /* Build configuration list for PBXProject "NewsFront3" */;
			compatibilityVersion = "Xcode 9.3";
			developmentRegion = en;
			hasScannedForEncodings = 0;
			knownRegions = (
				en,
				Base,
			);
			mainGroup = B3D4E21E2362BA34007FF11E;
			productRefGroup = B3D4E2282362BA34007FF11E /* Products */;
			projectDirPath = "";
			projectRoot = "";
			targets = (
				B3D4E2262362BA34007FF11E /* NewsFront3 */,
				B3D4E23A2362BA3C007FF11E /* NewsFront3Tests */,
				B3D4E2452362BA3C007FF11E /* NewsFront3UITests */,
			);
		};
/* End PBXProject section */

/* Begin PBXResourcesBuildPhase section */
		B3D4E2252362BA34007FF11E /* Resources */ = {
			isa = PBXResourcesBuildPhase;
			buildActionMask = 2147483647;
			files = (
				B35810B82372D3C600829BEC /* Qanelas-HeavyItalic.ttf in Resources */,
				B35810A82372D3C600829BEC /* Qanelas-Medium.otf in Resources */,
				B3D4E2352362BA3B007FF11E /* LaunchScreen.storyboard in Resources */,
				B35810A92372D3C600829BEC /* Qanelas-RegularItalic.otf in Resources */,
				B35810AD2372D3C600829BEC /* Qanelas-MediumItalic.otf in Resources */,
				B35810B02372D3C600829BEC /* Qanelas-SemiBold.otf in Resources */,
				B358109F2372D3C600829BEC /* Qanelas-ExtraBold.ttf in Resources */,
				B35810BF2372D3C600829BEC /* Qanelas-LightItalic.otf in Resources */,
				B35810B32372D3C600829BEC /* Qanelas-ExtraBold.otf in Resources */,
				B35810BE2372D3C600829BEC /* Qanelas-BlackItalic.ttf in Resources */,
				B35810A42372D3C600829BEC /* Qanelas-Thin.otf in Resources */,
				B35810C22372D3C600829BEC /* Qanelas-Heavy.otf in Resources */,
				B35810BC2372D3C600829BEC /* Qanelas-Regular.ttf in Resources */,
				B35810A02372D3C600829BEC /* Qanelas-Black.ttf in Resources */,
				B35810AB2372D3C600829BEC /* Qanelas-UltraLight.otf in Resources */,
				B35810AE2372D3C600829BEC /* Qanelas-SemiBoldItalic.otf in Resources */,
				B35810A22372D3C600829BEC /* Qanelas-ExtraBoldItalic.otf in Resources */,
				B3D4E2322362BA3B007FF11E /* Assets.xcassets in Resources */,
				B35810B72372D3C600829BEC /* Qanelas-LightItalic.ttf in Resources */,
				B35810AA2372D3C600829BEC /* Qanelas-ExtraBoldItalic.ttf in Resources */,
				B35810A12372D3C600829BEC /* Qanelas-RegularItalic.ttf in Resources */,
				B35810AC2372D3C600829BEC /* Qanelas-Thin.ttf in Resources */,
				B3D4E2302362BA34007FF11E /* Main.storyboard in Resources */,
				B35810B42372D3C600829BEC /* Qanelas-BoldItalic.ttf in Resources */,
				B35810BA2372D3C600829BEC /* Qanelas-Heavy.ttf in Resources */,
				B35810A72372D3C600829BEC /* Qanelas-MediumItalic.ttf in Resources */,
				B35810BB2372D3C600829BEC /* Qanelas-Regular.otf in Resources */,
				B35810B62372D3C600829BEC /* Qanelas-BlackItalic.otf in Resources */,
				B35810A32372D3C600829BEC /* Qanelas-Medium.ttf in Resources */,
				B35810C12372D3C600829BEC /* Qanelas-HeavyItalic.otf in Resources */,
				B35810AF2372D3C600829BEC /* Qanelas-Bold.ttf in Resources */,
				B35810C02372D3C600829BEC /* Qanelas-Light.ttf in Resources */,
				B358109D2372D3C600829BEC /* Qanelas-Bold.otf in Resources */,
				B35810B12372D3C600829BEC /* Qanelas-ThinItalic.ttf in Resources */,
				B35810A52372D3C600829BEC /* Qanelas-UltraLight.ttf in Resources */,
				B358109B2372D3C600829BEC /* Qanelas-SemiBold.ttf in Resources */,
				B35810B22372D3C600829BEC /* Qanelas-Black.otf in Resources */,
				B35810BD2372D3C600829BEC /* Qanelas-UltraLightItalic.ttf in Resources */,
				B358109C2372D3C600829BEC /* Qanelas-ThinItalic.otf in Resources */,
				B35810B52372D3C600829BEC /* Qanelas-UltraLightItalic.otf in Resources */,
				B35810A62372D3C600829BEC /* Qanelas-SemiBoldItalic.ttf in Resources */,
				B358109E2372D3C600829BEC /* Qanelas-BoldItalic.otf in Resources */,
				B35810B92372D3C600829BEC /* Qanelas-Light.otf in Resources */,
			);
			runOnlyForDeploymentPostprocessing = 0;
		};
		B3D4E2392362BA3C007FF11E /* Resources */ = {
			isa = PBXResourcesBuildPhase;
			buildActionMask = 2147483647;
			files = (
			);
			runOnlyForDeploymentPostprocessing = 0;
		};
		B3D4E2442362BA3C007FF11E /* Resources */ = {
			isa = PBXResourcesBuildPhase;
			buildActionMask = 2147483647;
			files = (
			);
			runOnlyForDeploymentPostprocessing = 0;
		};
/* End PBXResourcesBuildPhase section */

/* Begin PBXSourcesBuildPhase section */
		B3D4E2232362BA34007FF11E /* Sources */ = {
			isa = PBXSourcesBuildPhase;
			buildActionMask = 2147483647;
			files = (
				B3856801236FFBAD008BED2F /* fullDetailsOfNewsViewController.swift in Sources */,
				B30AC01E2373E8050067159C /* TagsViewController.swift in Sources */,
				B30AC0152373D8AD0067159C /* TagsCollectionViewCell.swift in Sources */,
				B3E33859236FC010005DD61A /* HomeViewController.swift in Sources */,
				B314A6DA2371594F007CC5D7 /* GradientView.swift in Sources */,
				B314A6D623711077007CC5D7 /* LikeTableViewCell.swift in Sources */,
				B3A49F192372693000D73011 /* MyTextField.swift in Sources */,
				B3A49F1D2372AE6C00D73011 /* SettingsTableViewCell.swift in Sources */,
				B339F5F323740D62009B61E9 /* HomeNavigationController.swift in Sources */,
				B314A6D423710B11007CC5D7 /* LikeViewController.swift in Sources */,
				B314A6D823714AC7007CC5D7 /* UIColor.swift in Sources */,
				B31E8D53236A889A00040214 /* OTPViewController.swift in Sources */,
				B34BBD6F237A8A3F00353F7A /* DummyData.swift in Sources */,
				B339F5F12373F201009B61E9 /* Extensions.swift in Sources */,
				B3D4E22D2362BA34007FF11E /* ViewController.swift in Sources */,
				B3E33857236FAF4C005DD61A /* HomeTableViewCell.swift in Sources */,
				B3D4E22B2362BA34007FF11E /* AppDelegate.swift in Sources */,
				B3A49F1B2372AE4A00D73011 /* SettingsViewController.swift in Sources */,
			);
			runOnlyForDeploymentPostprocessing = 0;
		};
		B3D4E2372362BA3C007FF11E /* Sources */ = {
			isa = PBXSourcesBuildPhase;
			buildActionMask = 2147483647;
			files = (
				B3D4E2402362BA3C007FF11E /* NewsFront3Tests.swift in Sources */,
			);
			runOnlyForDeploymentPostprocessing = 0;
		};
		B3D4E2422362BA3C007FF11E /* Sources */ = {
			isa = PBXSourcesBuildPhase;
			buildActionMask = 2147483647;
			files = (
				B3D4E24B2362BA3C007FF11E /* NewsFront3UITests.swift in Sources */,
			);
			runOnlyForDeploymentPostprocessing = 0;
		};
/* End PBXSourcesBuildPhase section */

/* Begin PBXTargetDependency section */
		B3D4E23D2362BA3C007FF11E /* PBXTargetDependency */ = {
			isa = PBXTargetDependency;
			target = B3D4E2262362BA34007FF11E /* NewsFront3 */;
			targetProxy = B3D4E23C2362BA3C007FF11E /* PBXContainerItemProxy */;
		};
		B3D4E2482362BA3C007FF11E /* PBXTargetDependency */ = {
			isa = PBXTargetDependency;
			target = B3D4E2262362BA34007FF11E /* NewsFront3 */;
			targetProxy = B3D4E2472362BA3C007FF11E /* PBXContainerItemProxy */;
		};
/* End PBXTargetDependency section */

/* Begin PBXVariantGroup section */
		B3D4E22E2362BA34007FF11E /* Main.storyboard */ = {
			isa = PBXVariantGroup;
			children = (
				B3D4E22F2362BA34007FF11E /* Base */,
			);
			name = Main.storyboard;
			sourceTree = "<group>";
		};
		B3D4E2332362BA3B007FF11E /* LaunchScreen.storyboard */ = {
			isa = PBXVariantGroup;
			children = (
				B3D4E2342362BA3B007FF11E /* Base */,
			);
			name = LaunchScreen.storyboard;
			sourceTree = "<group>";
		};
/* End PBXVariantGroup section */

/* Begin XCBuildConfiguration section */
		B3D4E24D2362BA3C007FF11E /* Debug */ = {
			isa = XCBuildConfiguration;
			buildSettings = {
				ALWAYS_SEARCH_USER_PATHS = NO;
				CLANG_ANALYZER_NONNULL = YES;
				CLANG_ANALYZER_NUMBER_OBJECT_CONVERSION = YES_AGGRESSIVE;
				CLANG_CXX_LANGUAGE_STANDARD = "gnu++14";
				CLANG_CXX_LIBRARY = "libc++";
				CLANG_ENABLE_MODULES = YES;
				CLANG_ENABLE_OBJC_ARC = YES;
				CLANG_ENABLE_OBJC_WEAK = YES;
				CLANG_WARN_BLOCK_CAPTURE_AUTORELEASING = YES;
				CLANG_WARN_BOOL_CONVERSION = YES;
				CLANG_WARN_COMMA = YES;
				CLANG_WARN_CONSTANT_CONVERSION = YES;
				CLANG_WARN_DEPRECATED_OBJC_IMPLEMENTATIONS = YES;
				CLANG_WARN_DIRECT_OBJC_ISA_USAGE = YES_ERROR;
				CLANG_WARN_DOCUMENTATION_COMMENTS = YES;
				CLANG_WARN_EMPTY_BODY = YES;
				CLANG_WARN_ENUM_CONVERSION = YES;
				CLANG_WARN_INFINITE_RECURSION = YES;
				CLANG_WARN_INT_CONVERSION = YES;
				CLANG_WARN_NON_LITERAL_NULL_CONVERSION = YES;
				CLANG_WARN_OBJC_IMPLICIT_RETAIN_SELF = YES;
				CLANG_WARN_OBJC_LITERAL_CONVERSION = YES;
				CLANG_WARN_OBJC_ROOT_CLASS = YES_ERROR;
				CLANG_WARN_RANGE_LOOP_ANALYSIS = YES;
				CLANG_WARN_STRICT_PROTOTYPES = YES;
				CLANG_WARN_SUSPICIOUS_MOVE = YES;
				CLANG_WARN_UNGUARDED_AVAILABILITY = YES_AGGRESSIVE;
				CLANG_WARN_UNREACHABLE_CODE = YES;
				CLANG_WARN__DUPLICATE_METHOD_MATCH = YES;
				CODE_SIGN_IDENTITY = "iPhone Developer";
				COPY_PHASE_STRIP = NO;
				DEBUG_INFORMATION_FORMAT = dwarf;
				ENABLE_STRICT_OBJC_MSGSEND = YES;
				ENABLE_TESTABILITY = YES;
				GCC_C_LANGUAGE_STANDARD = gnu11;
				GCC_DYNAMIC_NO_PIC = NO;
				GCC_NO_COMMON_BLOCKS = YES;
				GCC_OPTIMIZATION_LEVEL = 0;
				GCC_PREPROCESSOR_DEFINITIONS = (
					"DEBUG=1",
					"$(inherited)",
				);
				GCC_WARN_64_TO_32_BIT_CONVERSION = YES;
				GCC_WARN_ABOUT_RETURN_TYPE = YES_ERROR;
				GCC_WARN_UNDECLARED_SELECTOR = YES;
				GCC_WARN_UNINITIALIZED_AUTOS = YES_AGGRESSIVE;
				GCC_WARN_UNUSED_FUNCTION = YES;
				GCC_WARN_UNUSED_VARIABLE = YES;
				IPHONEOS_DEPLOYMENT_TARGET = 12.1;
				MTL_ENABLE_DEBUG_INFO = INCLUDE_SOURCE;
				MTL_FAST_MATH = YES;
				ONLY_ACTIVE_ARCH = YES;
				SDKROOT = iphoneos;
				SWIFT_ACTIVE_COMPILATION_CONDITIONS = DEBUG;
				SWIFT_OPTIMIZATION_LEVEL = "-Onone";
			};
			name = Debug;
		};
		B3D4E24E2362BA3C007FF11E /* Release */ = {
			isa = XCBuildConfiguration;
			buildSettings = {
				ALWAYS_SEARCH_USER_PATHS = NO;
				CLANG_ANALYZER_NONNULL = YES;
				CLANG_ANALYZER_NUMBER_OBJECT_CONVERSION = YES_AGGRESSIVE;
				CLANG_CXX_LANGUAGE_STANDARD = "gnu++14";
				CLANG_CXX_LIBRARY = "libc++";
				CLANG_ENABLE_MODULES = YES;
				CLANG_ENABLE_OBJC_ARC = YES;
				CLANG_ENABLE_OBJC_WEAK = YES;
				CLANG_WARN_BLOCK_CAPTURE_AUTORELEASING = YES;
				CLANG_WARN_BOOL_CONVERSION = YES;
				CLANG_WARN_COMMA = YES;
				CLANG_WARN_CONSTANT_CONVERSION = YES;
				CLANG_WARN_DEPRECATED_OBJC_IMPLEMENTATIONS = YES;
				CLANG_WARN_DIRECT_OBJC_ISA_USAGE = YES_ERROR;
				CLANG_WARN_DOCUMENTATION_COMMENTS = YES;
				CLANG_WARN_EMPTY_BODY = YES;
				CLANG_WARN_ENUM_CONVERSION = YES;
				CLANG_WARN_INFINITE_RECURSION = YES;
				CLANG_WARN_INT_CONVERSION = YES;
				CLANG_WARN_NON_LITERAL_NULL_CONVERSION = YES;
				CLANG_WARN_OBJC_IMPLICIT_RETAIN_SELF = YES;
				CLANG_WARN_OBJC_LITERAL_CONVERSION = YES;
				CLANG_WARN_OBJC_ROOT_CLASS = YES_ERROR;
				CLANG_WARN_RANGE_LOOP_ANALYSIS = YES;
				CLANG_WARN_STRICT_PROTOTYPES = YES;
				CLANG_WARN_SUSPICIOUS_MOVE = YES;
				CLANG_WARN_UNGUARDED_AVAILABILITY = YES_AGGRESSIVE;
				CLANG_WARN_UNREACHABLE_CODE = YES;
				CLANG_WARN__DUPLICATE_METHOD_MATCH = YES;
				CODE_SIGN_IDENTITY = "iPhone Developer";
				COPY_PHASE_STRIP = NO;
				DEBUG_INFORMATION_FORMAT = "dwarf-with-dsym";
				ENABLE_NS_ASSERTIONS = NO;
				ENABLE_STRICT_OBJC_MSGSEND = YES;
				GCC_C_LANGUAGE_STANDARD = gnu11;
				GCC_NO_COMMON_BLOCKS = YES;
				GCC_WARN_64_TO_32_BIT_CONVERSION = YES;
				GCC_WARN_ABOUT_RETURN_TYPE = YES_ERROR;
				GCC_WARN_UNDECLARED_SELECTOR = YES;
				GCC_WARN_UNINITIALIZED_AUTOS = YES_AGGRESSIVE;
				GCC_WARN_UNUSED_FUNCTION = YES;
				GCC_WARN_UNUSED_VARIABLE = YES;
				IPHONEOS_DEPLOYMENT_TARGET = 12.1;
				MTL_ENABLE_DEBUG_INFO = NO;
				MTL_FAST_MATH = YES;
				SDKROOT = iphoneos;
				SWIFT_COMPILATION_MODE = wholemodule;
				SWIFT_OPTIMIZATION_LEVEL = "-O";
				VALIDATE_PRODUCT = YES;
			};
			name = Release;
		};
		B3D4E2502362BA3C007FF11E /* Debug */ = {
			isa = XCBuildConfiguration;
			buildSettings = {
				ASSETCATALOG_COMPILER_APPICON_NAME = AppIcon;
				CODE_SIGN_STYLE = Automatic;
				DEVELOPMENT_TEAM = US5HAKM4R4;
				INFOPLIST_FILE = NewsFront3/Info.plist;
				LD_RUNPATH_SEARCH_PATHS = (
					"$(inherited)",
					"@executable_path/Frameworks",
				);
				PRODUCT_BUNDLE_IDENTIFIER = com.cloudstaff.NewsFront3;
				PRODUCT_NAME = "$(TARGET_NAME)";
				SWIFT_VERSION = 5.0;
				TARGETED_DEVICE_FAMILY = "1,2";
			};
			name = Debug;
		};
		B3D4E2512362BA3C007FF11E /* Release */ = {
			isa = XCBuildConfiguration;
			buildSettings = {
				ASSETCATALOG_COMPILER_APPICON_NAME = AppIcon;
				CODE_SIGN_STYLE = Automatic;
				DEVELOPMENT_TEAM = US5HAKM4R4;
				INFOPLIST_FILE = NewsFront3/Info.plist;
				LD_RUNPATH_SEARCH_PATHS = (
					"$(inherited)",
					"@executable_path/Frameworks",
				);
				PRODUCT_BUNDLE_IDENTIFIER = com.cloudstaff.NewsFront3;
				PRODUCT_NAME = "$(TARGET_NAME)";
				SWIFT_VERSION = 5.0;
				TARGETED_DEVICE_FAMILY = "1,2";
			};
			name = Release;
		};
		B3D4E2532362BA3C007FF11E /* Debug */ = {
			isa = XCBuildConfiguration;
			buildSettings = {
				ALWAYS_EMBED_SWIFT_STANDARD_LIBRARIES = YES;
				BUNDLE_LOADER = "$(TEST_HOST)";
				CODE_SIGN_STYLE = Automatic;
				DEVELOPMENT_TEAM = US5HAKM4R4;
				INFOPLIST_FILE = NewsFront3Tests/Info.plist;
				LD_RUNPATH_SEARCH_PATHS = (
					"$(inherited)",
					"@executable_path/Frameworks",
					"@loader_path/Frameworks",
				);
				PRODUCT_BUNDLE_IDENTIFIER = com.example.NewsFront3Tests;
				PRODUCT_NAME = "$(TARGET_NAME)";
				SWIFT_VERSION = 5.0;
				TARGETED_DEVICE_FAMILY = "1,2";
				TEST_HOST = "$(BUILT_PRODUCTS_DIR)/NewsFront3.app/NewsFront3";
			};
			name = Debug;
		};
		B3D4E2542362BA3C007FF11E /* Release */ = {
			isa = XCBuildConfiguration;
			buildSettings = {
				ALWAYS_EMBED_SWIFT_STANDARD_LIBRARIES = YES;
				BUNDLE_LOADER = "$(TEST_HOST)";
				CODE_SIGN_STYLE = Automatic;
				DEVELOPMENT_TEAM = US5HAKM4R4;
				INFOPLIST_FILE = NewsFront3Tests/Info.plist;
				LD_RUNPATH_SEARCH_PATHS = (
					"$(inherited)",
					"@executable_path/Frameworks",
					"@loader_path/Frameworks",
				);
				PRODUCT_BUNDLE_IDENTIFIER = com.example.NewsFront3Tests;
				PRODUCT_NAME = "$(TARGET_NAME)";
				SWIFT_VERSION = 5.0;
				TARGETED_DEVICE_FAMILY = "1,2";
				TEST_HOST = "$(BUILT_PRODUCTS_DIR)/NewsFront3.app/NewsFront3";
			};
			name = Release;
		};
		B3D4E2562362BA3C007FF11E /* Debug */ = {
			isa = XCBuildConfiguration;
			buildSettings = {
				ALWAYS_EMBED_SWIFT_STANDARD_LIBRARIES = YES;
				CODE_SIGN_STYLE = Automatic;
				DEVELOPMENT_TEAM = US5HAKM4R4;
				INFOPLIST_FILE = NewsFront3UITests/Info.plist;
				LD_RUNPATH_SEARCH_PATHS = (
					"$(inherited)",
					"@executable_path/Frameworks",
					"@loader_path/Frameworks",
				);
				PRODUCT_BUNDLE_IDENTIFIER = com.example.NewsFront3UITests;
				PRODUCT_NAME = "$(TARGET_NAME)";
				SWIFT_VERSION = 5.0;
				TARGETED_DEVICE_FAMILY = "1,2";
				TEST_TARGET_NAME = NewsFront3;
			};
			name = Debug;
		};
		B3D4E2572362BA3C007FF11E /* Release */ = {
			isa = XCBuildConfiguration;
			buildSettings = {
				ALWAYS_EMBED_SWIFT_STANDARD_LIBRARIES = YES;
				CODE_SIGN_STYLE = Automatic;
				DEVELOPMENT_TEAM = US5HAKM4R4;
				INFOPLIST_FILE = NewsFront3UITests/Info.plist;
				LD_RUNPATH_SEARCH_PATHS = (
					"$(inherited)",
					"@executable_path/Frameworks",
					"@loader_path/Frameworks",
				);
				PRODUCT_BUNDLE_IDENTIFIER = com.example.NewsFront3UITests;
				PRODUCT_NAME = "$(TARGET_NAME)";
				SWIFT_VERSION = 5.0;
				TARGETED_DEVICE_FAMILY = "1,2";
				TEST_TARGET_NAME = NewsFront3;
			};
			name = Release;
		};
/* End XCBuildConfiguration section */

/* Begin XCConfigurationList section */
		B3D4E2222362BA34007FF11E /* Build configuration list for PBXProject "NewsFront3" */ = {
			isa = XCConfigurationList;
			buildConfigurations = (
				B3D4E24D2362BA3C007FF11E /* Debug */,
				B3D4E24E2362BA3C007FF11E /* Release */,
			);
			defaultConfigurationIsVisible = 0;
			defaultConfigurationName = Release;
		};
		B3D4E24F2362BA3C007FF11E /* Build configuration list for PBXNativeTarget "NewsFront3" */ = {
			isa = XCConfigurationList;
			buildConfigurations = (
				B3D4E2502362BA3C007FF11E /* Debug */,
				B3D4E2512362BA3C007FF11E /* Release */,
			);
			defaultConfigurationIsVisible = 0;
			defaultConfigurationName = Release;
		};
		B3D4E2522362BA3C007FF11E /* Build configuration list for PBXNativeTarget "NewsFront3Tests" */ = {
			isa = XCConfigurationList;
			buildConfigurations = (
				B3D4E2532362BA3C007FF11E /* Debug */,
				B3D4E2542362BA3C007FF11E /* Release */,
			);
			defaultConfigurationIsVisible = 0;
			defaultConfigurationName = Release;
		};
		B3D4E2552362BA3C007FF11E /* Build configuration list for PBXNativeTarget "NewsFront3UITests" */ = {
			isa = XCConfigurationList;
			buildConfigurations = (
				B3D4E2562362BA3C007FF11E /* Debug */,
				B3D4E2572362BA3C007FF11E /* Release */,
			);
			defaultConfigurationIsVisible = 0;
			defaultConfigurationName = Release;
		};
/* End XCConfigurationList section */
	};
	rootObject = B3D4E21F2362BA34007FF11E /* Project object */;
}
